PODS:
  - AFNetworking (3.2.1):
    - AFNetworking/NSURLSession (= 3.2.1)
    - AFNetworking/Reachability (= 3.2.1)
    - AFNetworking/Security (= 3.2.1)
    - AFNetworking/Serialization (= 3.2.1)
    - AFNetworking/UIKit (= 3.2.1)
  - AFNetworking/NSURLSession (3.2.1):
    - AFNetworking/Reachability
    - AFNetworking/Security
    - AFNetworking/Serialization
  - AFNetworking/Reachability (3.2.1)
  - AFNetworking/Security (3.2.1)
  - AFNetworking/Serialization (3.2.1)
  - AFNetworking/UIKit (3.2.1):
    - AFNetworking/NSURLSession
  - cmark (0.24.1)
  - DTCoreText (1.6.21):
    - DTCoreText/Core (= 1.6.21)
    - DTFoundation/Core (~> 1.7.5)
    - DTFoundation/DTAnimatedGIF (~> 1.7.5)
    - DTFoundation/DTHTMLParser (~> 1.7.5)
    - DTFoundation/UIKit (~> 1.7.5)
  - DTCoreText/Core (1.6.21):
    - DTFoundation/Core (~> 1.7.5)
    - DTFoundation/DTAnimatedGIF (~> 1.7.5)
    - DTFoundation/DTHTMLParser (~> 1.7.5)
    - DTFoundation/UIKit (~> 1.7.5)
  - DTFoundation/Core (1.7.13)
  - DTFoundation/DTAnimatedGIF (1.7.13)
  - DTFoundation/DTHTMLParser (1.7.13):
    - DTFoundation/Core
  - DTFoundation/UIKit (1.7.13):
    - DTFoundation/Core
  - GZIP (1.2.3)
  - HPGrowingTextView (1.1)
  - JSQMessagesViewController (7.2.0):
    - JSQSystemSoundPlayer (~> 2.0.1)
  - JSQSystemSoundPlayer (2.0.1)
  - libbase58 (0.1.4)
  - libPhoneNumber-iOS (0.9.13)
  - MatrixSDK (0.13.0):
    - MatrixSDK/Core (= 0.13.0)
  - MatrixSDK/Core (0.13.0):
    - AFNetworking (~> 3.2.0)
    - GZIP (~> 1.2.2)
    - libbase58 (~> 0.1.4)
    - OLMKit (~> 3.1.0)
    - Realm (~> 3.13.1)
  - OLMKit (3.1.0):
    - OLMKit/olmc (= 3.1.0)
    - OLMKit/olmcpp (= 3.1.0)
  - OLMKit/olmc (3.1.0)
  - OLMKit/olmcpp (3.1.0)
  - Realm (3.13.1):
    - Realm/Headers (= 3.13.1)
  - Realm/Headers (3.13.1)
  - SwiftUTI (1.0.7)

DEPENDENCIES:
  - cmark (~> 0.24.1)
  - DTCoreText (~> 1.6.21)
  - HPGrowingTextView (~> 1.1)
  - JSQMessagesViewController (~> 7.2.0)
  - libPhoneNumber-iOS (~> 0.9.13)
  - MatrixSDK (= 0.13.0)
  - SwiftUTI (from `https://github.com/speramusinc/SwiftUTI.git`, branch `master`)

SPEC REPOS:
  https://github.com/cocoapods/specs.git:
    - AFNetworking
    - cmark
    - DTCoreText
    - DTFoundation
    - GZIP
    - HPGrowingTextView
    - JSQMessagesViewController
    - JSQSystemSoundPlayer
    - libbase58
    - libPhoneNumber-iOS
    - MatrixSDK
    - OLMKit
    - Realm

EXTERNAL SOURCES:
  SwiftUTI:
    :branch: master
    :git: https://github.com/speramusinc/SwiftUTI.git

CHECKOUT OPTIONS:
  SwiftUTI:
    :commit: c21237f13e9fb31a07f3fcd5243c5cf79d75901c
    :git: https://github.com/speramusinc/SwiftUTI.git

SPEC CHECKSUMS:
  AFNetworking: b6f891fdfaed196b46c7a83cf209e09697b94057
  cmark: 1d9ad0375e3b9fa281732e992467903606015520
  DTCoreText: e5d688cffc9f6a61eddd1a4f94e2046851230de3
  DTFoundation: f03be9fd786f11e505bb8fc44e2a3732bf0917df
  GZIP: af5c90ef903776a7e9afe6ebebd794a84a2929d4
  HPGrowingTextView: 88a716d97fb853bcb08a4a08e4727da17efc9b19
  JSQMessagesViewController: 73cab48aa92fc2d512f3b6724f3425cc47a19eb5
  JSQSystemSoundPlayer: c5850e77a4363ffd374cd851154b9af93264ed8d
  libbase58: 7c040313537b8c44b6e2d15586af8e21f7354efd
  libPhoneNumber-iOS: e444379ac18bbfbdefad571da735b2cd7e096caa
  MatrixSDK: 6886e7234c650408db5876b44a7f7608c865ce30
  OLMKit: 4ee0159d63feeb86d836fdcfefe418e163511639
  Realm: 50071da38fe079e0735e47c9f2eae738c68c5996
  SwiftUTI: 917993c124f8eac25e88ced0202fc58d7eb50fa8

PODFILE CHECKSUM: 38c69e1286334b9ab91600a4eba4a1f237cac21b

COCOAPODS: 1.7.2
