PODS:
  - AFNetworking (3.1.0):
    - AFNetworking/NSURLSession (= 3.1.0)
    - AFNetworking/Reachability (= 3.1.0)
    - AFNetworking/Security (= 3.1.0)
    - AFNetworking/Serialization (= 3.1.0)
    - AFNetworking/UIKit (= 3.1.0)
  - AFNetworking/NSURLSession (3.1.0):
    - AFNetworking/Reachability
    - AFNetworking/Security
    - AFNetworking/Serialization
  - AFNetworking/Reachability (3.1.0)
  - AFNetworking/Security (3.1.0)
  - AFNetworking/Serialization (3.1.0)
  - AFNetworking/UIKit (3.1.0):
    - AFNetworking/NSURLSession
  - cmark (0.24.1)
  - DTCoreText (1.6.20):
    - DTCoreText/Core (= 1.6.20)
    - DTFoundation/Core (~> 1.7.5)
    - DTFoundation/DTAnimatedGIF (~> 1.7.5)
    - DTFoundation/DTHTMLParser (~> 1.7.5)
    - DTFoundation/UIKit (~> 1.7.5)
  - DTCoreText/Core (1.6.20):
    - DTFoundation/Core (~> 1.7.5)
    - DTFoundation/DTAnimatedGIF (~> 1.7.5)
    - DTFoundation/DTHTMLParser (~> 1.7.5)
    - DTFoundation/UIKit (~> 1.7.5)
  - DTFoundation/Core (1.7.12)
  - DTFoundation/DTAnimatedGIF (1.7.12)
  - DTFoundation/DTHTMLParser (1.7.12):
    - DTFoundation/Core
  - DTFoundation/UIKit (1.7.12):
    - DTFoundation/Core
  - GZIP (1.1.1)
  - HPGrowingTextView (1.1)
  - JSQMessagesViewController (7.2.0):
    - JSQSystemSoundPlayer (~> 2.0.1)
  - JSQSystemSoundPlayer (2.0.1)
  - libPhoneNumber-iOS (0.9.10)
  - MatrixSDK (0.9.0):
    - AFNetworking (~> 3.1.0)
    - GZIP (~> 1.1.1)

DEPENDENCIES:
  - cmark (~> 0.24.1)
  - DTCoreText (~> 1.6.17)
  - HPGrowingTextView (~> 1.1)
  - JSQMessagesViewController (~> 7.2.0)
  - libPhoneNumber-iOS (~> 0.9.10)
  - MatrixSDK (= 0.9.0)

SPEC CHECKSUMS:
  AFNetworking: 5e0e199f73d8626b11e79750991f5d173d1f8b67
  cmark: ec0275215b504780287b6fca360224e384368af8
  DTCoreText: 51904f2374af443e0d270d6fdc76035ab6f9ef8a
  DTFoundation: 26a164ef510877387906fb92bff524a792db4bf8
  GZIP: f8beb59597f651e6970a45b816508a9c6d700b77
  HPGrowingTextView: 88a716d97fb853bcb08a4a08e4727da17efc9b19
  JSQMessagesViewController: 73cab48aa92fc2d512f3b6724f3425cc47a19eb5
  JSQSystemSoundPlayer: c5850e77a4363ffd374cd851154b9af93264ed8d
  libPhoneNumber-iOS: f721ae4d5854bce60934f9fb9b0b28e8e68913cb
  MatrixSDK: ee1e381e93d0a53baa465e0caf5217c1ef34a274

PODFILE CHECKSUM: f00040a70eae8ac65d323236d47aca99ebf0e733

COCOAPODS: 1.2.1
